
Microsoft Visual Studio Solution File, Format Version 12.00
# Visual Studio 15
VisualStudioVersion = 15.0.27004.2002
MinimumVisualStudioVersion = 10.0.40219.1
Project("{FAE04EC0-301F-11D3-BF4B-00C04F79EFBC}") = "SocketAsyncTest", "SocketAsyncTest\SocketAsyncTest.csproj", "{DF4A5D95-9CE0-416B-89EA-F712AF55902B}"
EndProject
Project("{FAE04EC0-301F-11D3-BF4B-00C04F79EFBC}") = "SocketAsyncLib", "SocketAsyncLib\SocketAsyncLib.csproj", "{035FA84E-AB47-4B7A-9A86-0BDD7C6531AB}"
EndProject
Project("{FAE04EC0-301F-11D3-BF4B-00C04F79EFBC}") = "LogLib", "Log\LogLib.csproj", "{B6C18779-DC5A-4582-B41F-B7F1FD37021F}"
EndProject
Global
	GlobalSection(SolutionConfigurationPlatforms) = preSolution
		Debug|Any CPU = Debug|Any CPU
		Release|Any CPU = Release|Any CPU
	EndGlobalSection
	GlobalSection(ProjectConfigurationPlatforms) = postSolution
		{DF4A5D95-9CE0-416B-89EA-F712AF55902B}.Debug|Any CPU.ActiveCfg = Debug|Any CPU
		{DF4A5D95-9CE0-416B-89EA-F712AF55902B}.Debug|Any CPU.Build.0 = Debug|Any CPU
		{DF4A5D95-9CE0-416B-89EA-F712AF55902B}.Release|Any CPU.ActiveCfg = Release|Any CPU
		{DF4A5D95-9CE0-416B-89EA-F712AF55902B}.Release|Any CPU.Build.0 = Release|Any CPU
		{035FA84E-AB47-4B7A-9A86-0BDD7C6531AB}.Debug|Any CPU.ActiveCfg = Debug|Any CPU
		{035FA84E-AB47-4B7A-9A86-0BDD7C6531AB}.Debug|Any CPU.Build.0 = Debug|Any CPU
		{035FA84E-AB47-4B7A-9A86-0BDD7C6531AB}.Release|Any CPU.ActiveCfg = Release|Any CPU
		{035FA84E-AB47-4B7A-9A86-0BDD7C6531AB}.Release|Any CPU.Build.0 = Release|Any CPU
		{B6C18779-DC5A-4582-B41F-B7F1FD37021F}.Debug|Any CPU.ActiveCfg = Debug|Any CPU
		{B6C18779-DC5A-4582-B41F-B7F1FD37021F}.Debug|Any CPU.Build.0 = Debug|Any CPU
		{B6C18779-DC5A-4582-B41F-B7F1FD37021F}.Release|Any CPU.ActiveCfg = Release|Any CPU
		{B6C18779-DC5A-4582-B41F-B7F1FD37021F}.Release|Any CPU.Build.0 = Release|Any CPU
	EndGlobalSection
	GlobalSection(SolutionProperties) = preSolution
		HideSolutionNode = FALSE
	EndGlobalSection
	GlobalSection(ExtensibilityGlobals) = postSolution
		SolutionGuid = {158F5B39-ADBB-4DF6-A74C-B413EB35D409}
	EndGlobalSection
EndGlobal
